// !$*UTF8*$!
{
	archiveVersion = 1;
	classes = {
	};
	objectVersion = 55;
	objects = {

/* Begin PBXBuildFile section */
		50B756A527B826E800C5680B /* AppDelegate.swift in Sources */ = {isa = PBXBuildFile; fileRef = 50B756A427B826E800C5680B /* AppDelegate.swift */; };
		50B756A927B826E800C5680B /* GameViewController.swift in Sources */ = {isa = PBXBuildFile; fileRef = 50B756A827B826E800C5680B /* GameViewController.swift */; };
		50B756AC27B826E800C5680B /* Main.storyboard in Resources */ = {isa = PBXBuildFile; fileRef = 50B756AA27B826E800C5680B /* Main.storyboard */; };
		50B756AE27B826ED00C5680B /* Assets.xcassets in Resources */ = {isa = PBXBuildFile; fileRef = 50B756AD27B826ED00C5680B /* Assets.xcassets */; };
		50B756B127B826ED00C5680B /* LaunchScreen.storyboard in Resources */ = {isa = PBXBuildFile; fileRef = 50B756AF27B826ED00C5680B /* LaunchScreen.storyboard */; };
		50B756BB27B826ED00C5680B /* WorldScannerTests.swift in Sources */ = {isa = PBXBuildFile; fileRef = 50B756BA27B826ED00C5680B /* WorldScannerTests.swift */; };
		50B756C527B826ED00C5680B /* WorldScannerUITests.swift in Sources */ = {isa = PBXBuildFile; fileRef = 50B756C427B826ED00C5680B /* WorldScannerUITests.swift */; };
		50B756C727B826ED00C5680B /* WorldScannerUITestsLaunchTests.swift in Sources */ = {isa = PBXBuildFile; fileRef = 50B756C627B826ED00C5680B /* WorldScannerUITestsLaunchTests.swift */; };
		50B756D427B889F400C5680B /* cats.scnassets in Resources */ = {isa = PBXBuildFile; fileRef = 50B756D327B889F400C5680B /* cats.scnassets */; };
		50B756D727B9F0C400C5680B /* EditorViewController.swift in Sources */ = {isa = PBXBuildFile; fileRef = 50B756D627B9F0C400C5680B /* EditorViewController.swift */; };
		50B756DA27B9F25400C5680B /* ExploreViewController.swift in Sources */ = {isa = PBXBuildFile; fileRef = 50B756D927B9F25400C5680B /* ExploreViewController.swift */; };
		50B756DE27B9F70E00C5680B /* Entities.xcdatamodeld in Sources */ = {isa = PBXBuildFile; fileRef = 50B756DC27B9F70E00C5680B /* Entities.xcdatamodeld */; };
		50B756E127B9FA3D00C5680B /* CoreDataManager.swift in Sources */ = {isa = PBXBuildFile; fileRef = 50B756E027B9FA3D00C5680B /* CoreDataManager.swift */; };
		50B756E427B9FC4700C5680B /* CatItem.swift in Sources */ = {isa = PBXBuildFile; fileRef = 50B756E327B9FC4700C5680B /* CatItem.swift */; };
		50B756E927BAE51900C5680B /* ExploreItem.swift in Sources */ = {isa = PBXBuildFile; fileRef = 50B756E827BAE51900C5680B /* ExploreItem.swift */; };
		50B756EB27BAE52900C5680B /* ExploreDataManager.swift in Sources */ = {isa = PBXBuildFile; fileRef = 50B756EA27BAE52900C5680B /* ExploreDataManager.swift */; };
		50B756ED27BB228400C5680B /* DataManager.swift in Sources */ = {isa = PBXBuildFile; fileRef = 50B756EC27BB228400C5680B /* DataManager.swift */; };
		50B756EF27BB22EC00C5680B /* ExploreData.plist in Resources */ = {isa = PBXBuildFile; fileRef = 50B756EE27BB22EC00C5680B /* ExploreData.plist */; };
		50B756F127BC29ED00C5680B /* Segue.swift in Sources */ = {isa = PBXBuildFile; fileRef = 50B756F027BC29ED00C5680B /* Segue.swift */; };
		50B756F327C0158600C5680B /* ExploreCell.swift in Sources */ = {isa = PBXBuildFile; fileRef = 50B756F227C0158600C5680B /* ExploreCell.swift */; };
/* End PBXBuildFile section */

/* Begin PBXContainerItemProxy section */
		50B756B727B826ED00C5680B /* PBXContainerItemProxy */ = {
			isa = PBXContainerItemProxy;
			containerPortal = 50B7569927B826E800C5680B /* Project object */;
			proxyType = 1;
			remoteGlobalIDString = 50B756A027B826E800C5680B;
			remoteInfo = WorldScanner;
		};
		50B756C127B826ED00C5680B /* PBXContainerItemProxy */ = {
			isa = PBXContainerItemProxy;
			containerPortal = 50B7569927B826E800C5680B /* Project object */;
			proxyType = 1;
			remoteGlobalIDString = 50B756A027B826E800C5680B;
			remoteInfo = WorldScanner;
		};
/* End PBXContainerItemProxy section */

/* Begin PBXFileReference section */
		50B756A127B826E800C5680B /* WorldScanner.app */ = {isa = PBXFileReference; explicitFileType = wrapper.application; includeInIndex = 0; path = WorldScanner.app; sourceTree = BUILT_PRODUCTS_DIR; };
		50B756A427B826E800C5680B /* AppDelegate.swift */ = {isa = PBXFileReference; lastKnownFileType = sourcecode.swift; path = AppDelegate.swift; sourceTree = "<group>"; };
		50B756A827B826E800C5680B /* GameViewController.swift */ = {isa = PBXFileReference; lastKnownFileType = sourcecode.swift; path = GameViewController.swift; sourceTree = "<group>"; };
		50B756AB27B826E800C5680B /* Base */ = {isa = PBXFileReference; lastKnownFileType = file.storyboard; name = Base; path = Base.lproj/Main.storyboard; sourceTree = "<group>"; };
		50B756AD27B826ED00C5680B /* Assets.xcassets */ = {isa = PBXFileReference; lastKnownFileType = folder.assetcatalog; path = Assets.xcassets; sourceTree = "<group>"; };
		50B756B027B826ED00C5680B /* Base */ = {isa = PBXFileReference; lastKnownFileType = file.storyboard; name = Base; path = Base.lproj/LaunchScreen.storyboard; sourceTree = "<group>"; };
		50B756B627B826ED00C5680B /* WorldScannerTests.xctest */ = {isa = PBXFileReference; explicitFileType = wrapper.cfbundle; includeInIndex = 0; path = WorldScannerTests.xctest; sourceTree = BUILT_PRODUCTS_DIR; };
		50B756BA27B826ED00C5680B /* WorldScannerTests.swift */ = {isa = PBXFileReference; lastKnownFileType = sourcecode.swift; path = WorldScannerTests.swift; sourceTree = "<group>"; };
		50B756C027B826ED00C5680B /* WorldScannerUITests.xctest */ = {isa = PBXFileReference; explicitFileType = wrapper.cfbundle; includeInIndex = 0; path = WorldScannerUITests.xctest; sourceTree = BUILT_PRODUCTS_DIR; };
		50B756C427B826ED00C5680B /* WorldScannerUITests.swift */ = {isa = PBXFileReference; lastKnownFileType = sourcecode.swift; path = WorldScannerUITests.swift; sourceTree = "<group>"; };
		50B756C627B826ED00C5680B /* WorldScannerUITestsLaunchTests.swift */ = {isa = PBXFileReference; lastKnownFileType = sourcecode.swift; path = WorldScannerUITestsLaunchTests.swift; sourceTree = "<group>"; };
		50B756D327B889F400C5680B /* cats.scnassets */ = {isa = PBXFileReference; lastKnownFileType = wrapper.scnassets; path = cats.scnassets; sourceTree = "<group>"; };
		50B756D627B9F0C400C5680B /* EditorViewController.swift */ = {isa = PBXFileReference; lastKnownFileType = sourcecode.swift; path = EditorViewController.swift; sourceTree = "<group>"; };
		50B756D927B9F25400C5680B /* ExploreViewController.swift */ = {isa = PBXFileReference; lastKnownFileType = sourcecode.swift; path = ExploreViewController.swift; sourceTree = "<group>"; };
		50B756DD27B9F70E00C5680B /* CodeData.xcdatamodel */ = {isa = PBXFileReference; lastKnownFileType = wrapper.xcdatamodel; path = CodeData.xcdatamodel; sourceTree = "<group>"; };
		50B756E027B9FA3D00C5680B /* CoreDataManager.swift */ = {isa = PBXFileReference; lastKnownFileType = sourcecode.swift; path = CoreDataManager.swift; sourceTree = "<group>"; };
		50B756E327B9FC4700C5680B /* CatItem.swift */ = {isa = PBXFileReference; lastKnownFileType = sourcecode.swift; path = CatItem.swift; sourceTree = "<group>"; };
		50B756E827BAE51900C5680B /* ExploreItem.swift */ = {isa = PBXFileReference; lastKnownFileType = sourcecode.swift; path = ExploreItem.swift; sourceTree = "<group>"; };
		50B756EA27BAE52900C5680B /* ExploreDataManager.swift */ = {isa = PBXFileReference; lastKnownFileType = sourcecode.swift; path = ExploreDataManager.swift; sourceTree = "<group>"; };
		50B756EC27BB228400C5680B /* DataManager.swift */ = {isa = PBXFileReference; lastKnownFileType = sourcecode.swift; path = DataManager.swift; sourceTree = "<group>"; };
		50B756EE27BB22EC00C5680B /* ExploreData.plist */ = {isa = PBXFileReference; lastKnownFileType = text.plist.xml; path = ExploreData.plist; sourceTree = "<group>"; };
		50B756F027BC29ED00C5680B /* Segue.swift */ = {isa = PBXFileReference; lastKnownFileType = sourcecode.swift; path = Segue.swift; sourceTree = "<group>"; };
		50B756F227C0158600C5680B /* ExploreCell.swift */ = {isa = PBXFileReference; lastKnownFileType = sourcecode.swift; path = ExploreCell.swift; sourceTree = "<group>"; };
/* End PBXFileReference section */

/* Begin PBXFrameworksBuildPhase section */
		50B7569E27B826E800C5680B /* Frameworks */ = {
			isa = PBXFrameworksBuildPhase;
			buildActionMask = 2147483647;
			files = (
			);
			runOnlyForDeploymentPostprocessing = 0;
		};
		50B756B327B826ED00C5680B /* Frameworks */ = {
			isa = PBXFrameworksBuildPhase;
			buildActionMask = 2147483647;
			files = (
			);
			runOnlyForDeploymentPostprocessing = 0;
		};
		50B756BD27B826ED00C5680B /* Frameworks */ = {
			isa = PBXFrameworksBuildPhase;
			buildActionMask = 2147483647;
			files = (
			);
			runOnlyForDeploymentPostprocessing = 0;
		};
/* End PBXFrameworksBuildPhase section */

/* Begin PBXGroup section */
		50B7569827B826E800C5680B = {
			isa = PBXGroup;
			children = (
				50B756A327B826E800C5680B /* WorldScanner */,
				50B756B927B826ED00C5680B /* WorldScannerTests */,
				50B756C327B826ED00C5680B /* WorldScannerUITests */,
				50B756A227B826E800C5680B /* Products */,
			);
			sourceTree = "<group>";
		};
		50B756A227B826E800C5680B /* Products */ = {
			isa = PBXGroup;
			children = (
				50B756A127B826E800C5680B /* WorldScanner.app */,
				50B756B627B826ED00C5680B /* WorldScannerTests.xctest */,
				50B756C027B826ED00C5680B /* WorldScannerUITests.xctest */,
			);
			name = Products;
			sourceTree = "<group>";
		};
		50B756A327B826E800C5680B /* WorldScanner */ = {
			isa = PBXGroup;
			children = (
				50B756DB27B9F6F300C5680B /* Mics */,
				50B756D827B9F23000C5680B /* Explore */,
				50B756D527B9F05300C5680B /* Editor */,
				50B756A427B826E800C5680B /* AppDelegate.swift */,
				50B756A827B826E800C5680B /* GameViewController.swift */,
				50B756AA27B826E800C5680B /* Main.storyboard */,
				50B756AD27B826ED00C5680B /* Assets.xcassets */,
				50B756AF27B826ED00C5680B /* LaunchScreen.storyboard */,
				50B756D327B889F400C5680B /* cats.scnassets */,
			);
			path = WorldScanner;
			sourceTree = "<group>";
		};
		50B756B927B826ED00C5680B /* WorldScannerTests */ = {
			isa = PBXGroup;
			children = (
				50B756BA27B826ED00C5680B /* WorldScannerTests.swift */,
			);
			path = WorldScannerTests;
			sourceTree = "<group>";
		};
		50B756C327B826ED00C5680B /* WorldScannerUITests */ = {
			isa = PBXGroup;
			children = (
				50B756C427B826ED00C5680B /* WorldScannerUITests.swift */,
				50B756C627B826ED00C5680B /* WorldScannerUITestsLaunchTests.swift */,
			);
			path = WorldScannerUITests;
			sourceTree = "<group>";
		};
		50B756D527B9F05300C5680B /* Editor */ = {
			isa = PBXGroup;
			children = (
				50B756E727BAD26C00C5680B /* View */,
				50B756E227B9FC2500C5680B /* Model */,
				50B756D627B9F0C400C5680B /* EditorViewController.swift */,
			);
			path = Editor;
			sourceTree = "<group>";
		};
		50B756D827B9F23000C5680B /* Explore */ = {
			isa = PBXGroup;
			children = (
				50B756E627BAD25C00C5680B /* Model */,
				50B756D927B9F25400C5680B /* ExploreViewController.swift */,
				50B756E527BAD1F300C5680B /* View */,
			);
			path = Explore;
			sourceTree = "<group>";
		};
		50B756DB27B9F6F300C5680B /* Mics */ = {
			isa = PBXGroup;
			children = (
				50B756DF27B9F73700C5680B /* CoreData */,
				50B756EC27BB228400C5680B /* DataManager.swift */,
				50B756F027BC29ED00C5680B /* Segue.swift */,
			);
			path = Mics;
			sourceTree = "<group>";
		};
		50B756DF27B9F73700C5680B /* CoreData */ = {
			isa = PBXGroup;
			children = (
				50B756DC27B9F70E00C5680B /* Entities.xcdatamodeld */,
				50B756E027B9FA3D00C5680B /* CoreDataManager.swift */,
			);
			path = CoreData;
			sourceTree = "<group>";
		};
		50B756E227B9FC2500C5680B /* Model */ = {
			isa = PBXGroup;
			children = (
				50B756E327B9FC4700C5680B /* CatItem.swift */,
			);
			path = Model;
			sourceTree = "<group>";
		};
		50B756E527BAD1F300C5680B /* View */ = {
			isa = PBXGroup;
			children = (
				50B756F227C0158600C5680B /* ExploreCell.swift */,
			);
			path = View;
			sourceTree = "<group>";
		};
		50B756E627BAD25C00C5680B /* Model */ = {
			isa = PBXGroup;
			children = (
				50B756E827BAE51900C5680B /* ExploreItem.swift */,
				50B756EA27BAE52900C5680B /* ExploreDataManager.swift */,
				50B756EE27BB22EC00C5680B /* ExploreData.plist */,
			);
			path = Model;
			sourceTree = "<group>";
		};
		50B756E727BAD26C00C5680B /* View */ = {
			isa = PBXGroup;
			children = (
			);
			path = View;
			sourceTree = "<group>";
		};
/* End PBXGroup section */

/* Begin PBXNativeTarget section */
		50B756A027B826E800C5680B /* WorldScanner */ = {
			isa = PBXNativeTarget;
			buildConfigurationList = 50B756CA27B826ED00C5680B /* Build configuration list for PBXNativeTarget "WorldScanner" */;
			buildPhases = (
				50B7569D27B826E800C5680B /* Sources */,
				50B7569E27B826E800C5680B /* Frameworks */,
				50B7569F27B826E800C5680B /* Resources */,
			);
			buildRules = (
			);
			dependencies = (
			);
			name = WorldScanner;
			productName = WorldScanner;
			productReference = 50B756A127B826E800C5680B /* WorldScanner.app */;
			productType = "com.apple.product-type.application";
		};
		50B756B527B826ED00C5680B /* WorldScannerTests */ = {
			isa = PBXNativeTarget;
			buildConfigurationList = 50B756CD27B826ED00C5680B /* Build configuration list for PBXNativeTarget "WorldScannerTests" */;
			buildPhases = (
				50B756B227B826ED00C5680B /* Sources */,
				50B756B327B826ED00C5680B /* Frameworks */,
				50B756B427B826ED00C5680B /* Resources */,
			);
			buildRules = (
			);
			dependencies = (
				50B756B827B826ED00C5680B /* PBXTargetDependency */,
			);
			name = WorldScannerTests;
			productName = WorldScannerTests;
			productReference = 50B756B627B826ED00C5680B /* WorldScannerTests.xctest */;
			productType = "com.apple.product-type.bundle.unit-test";
		};
		50B756BF27B826ED00C5680B /* WorldScannerUITests */ = {
			isa = PBXNativeTarget;
			buildConfigurationList = 50B756D027B826ED00C5680B /* Build configuration list for PBXNativeTarget "WorldScannerUITests" */;
			buildPhases = (
				50B756BC27B826ED00C5680B /* Sources */,
				50B756BD27B826ED00C5680B /* Frameworks */,
				50B756BE27B826ED00C5680B /* Resources */,
			);
			buildRules = (
			);
			dependencies = (
				50B756C227B826ED00C5680B /* PBXTargetDependency */,
			);
			name = WorldScannerUITests;
			productName = WorldScannerUITests;
			productReference = 50B756C027B826ED00C5680B /* WorldScannerUITests.xctest */;
			productType = "com.apple.product-type.bundle.ui-testing";
		};
/* End PBXNativeTarget section */

/* Begin PBXProject section */
		50B7569927B826E800C5680B /* Project object */ = {
			isa = PBXProject;
			attributes = {
				BuildIndependentTargetsInParallel = 1;
				LastSwiftUpdateCheck = 1320;
				LastUpgradeCheck = 1320;
				TargetAttributes = {
					50B756A027B826E800C5680B = {
						CreatedOnToolsVersion = 13.2.1;
					};
					50B756B527B826ED00C5680B = {
						CreatedOnToolsVersion = 13.2.1;
						TestTargetID = 50B756A027B826E800C5680B;
					};
					50B756BF27B826ED00C5680B = {
						CreatedOnToolsVersion = 13.2.1;
						TestTargetID = 50B756A027B826E800C5680B;
					};
				};
			};
			buildConfigurationList = 50B7569C27B826E800C5680B /* Build configuration list for PBXProject "WorldScanner" */;
			compatibilityVersion = "Xcode 13.0";
			developmentRegion = en;
			hasScannedForEncodings = 0;
			knownRegions = (
				en,
				Base,
			);
			mainGroup = 50B7569827B826E800C5680B;
			productRefGroup = 50B756A227B826E800C5680B /* Products */;
			projectDirPath = "";
			projectRoot = "";
			targets = (
				50B756A027B826E800C5680B /* WorldScanner */,
				50B756B527B826ED00C5680B /* WorldScannerTests */,
				50B756BF27B826ED00C5680B /* WorldScannerUITests */,
			);
		};
/* End PBXProject section */

/* Begin PBXResourcesBuildPhase section */
		50B7569F27B826E800C5680B /* Resources */ = {
			isa = PBXResourcesBuildPhase;
			buildActionMask = 2147483647;
			files = (
				50B756B127B826ED00C5680B /* LaunchScreen.storyboard in Resources */,
				50B756AE27B826ED00C5680B /* Assets.xcassets in Resources */,
				50B756D427B889F400C5680B /* cats.scnassets in Resources */,
				50B756AC27B826E800C5680B /* Main.storyboard in Resources */,
				50B756EF27BB22EC00C5680B /* ExploreData.plist in Resources */,
			);
			runOnlyForDeploymentPostprocessing = 0;
		};
		50B756B427B826ED00C5680B /* Resources */ = {
			isa = PBXResourcesBuildPhase;
			buildActionMask = 2147483647;
			files = (
			);
			runOnlyForDeploymentPostprocessing = 0;
		};
		50B756BE27B826ED00C5680B /* Resources */ = {
			isa = PBXResourcesBuildPhase;
			buildActionMask = 2147483647;
			files = (
			);
			runOnlyForDeploymentPostprocessing = 0;
		};
/* End PBXResourcesBuildPhase section */

/* Begin PBXSourcesBuildPhase section */
		50B7569D27B826E800C5680B /* Sources */ = {
			isa = PBXSourcesBuildPhase;
			buildActionMask = 2147483647;
			files = (
				50B756E127B9FA3D00C5680B /* CoreDataManager.swift in Sources */,
				50B756ED27BB228400C5680B /* DataManager.swift in Sources */,
				50B756E427B9FC4700C5680B /* CatItem.swift in Sources */,
				50B756F127BC29ED00C5680B /* Segue.swift in Sources */,
				50B756EB27BAE52900C5680B /* ExploreDataManager.swift in Sources */,
				50B756E927BAE51900C5680B /* ExploreItem.swift in Sources */,
				50B756A927B826E800C5680B /* GameViewController.swift in Sources */,
				50B756D727B9F0C400C5680B /* EditorViewController.swift in Sources */,
				50B756A527B826E800C5680B /* AppDelegate.swift in Sources */,
				50B756DA27B9F25400C5680B /* ExploreViewController.swift in Sources */,
				50B756DE27B9F70E00C5680B /* Entities.xcdatamodeld in Sources */,
				50B756F327C0158600C5680B /* ExploreCell.swift in Sources */,
			);
			runOnlyForDeploymentPostprocessing = 0;
		};
		50B756B227B826ED00C5680B /* Sources */ = {
			isa = PBXSourcesBuildPhase;
			buildActionMask = 2147483647;
			files = (
				50B756BB27B826ED00C5680B /* WorldScannerTests.swift in Sources */,
			);
			runOnlyForDeploymentPostprocessing = 0;
		};
		50B756BC27B826ED00C5680B /* Sources */ = {
			isa = PBXSourcesBuildPhase;
			buildActionMask = 2147483647;
			files = (
				50B756C727B826ED00C5680B /* WorldScannerUITestsLaunchTests.swift in Sources */,
				50B756C527B826ED00C5680B /* WorldScannerUITests.swift in Sources */,
			);
			runOnlyForDeploymentPostprocessing = 0;
		};
/* End PBXSourcesBuildPhase section */

/* Begin PBXTargetDependency section */
		50B756B827B826ED00C5680B /* PBXTargetDependency */ = {
			isa = PBXTargetDependency;
			target = 50B756A027B826E800C5680B /* WorldScanner */;
			targetProxy = 50B756B727B826ED00C5680B /* PBXContainerItemProxy */;
		};
		50B756C227B826ED00C5680B /* PBXTargetDependency */ = {
			isa = PBXTargetDependency;
			target = 50B756A027B826E800C5680B /* WorldScanner */;
			targetProxy = 50B756C127B826ED00C5680B /* PBXContainerItemProxy */;
		};
/* End PBXTargetDependency section */

/* Begin PBXVariantGroup section */
		50B756AA27B826E800C5680B /* Main.storyboard */ = {
			isa = PBXVariantGroup;
			children = (
				50B756AB27B826E800C5680B /* Base */,
			);
			name = Main.storyboard;
			sourceTree = "<group>";
		};
		50B756AF27B826ED00C5680B /* LaunchScreen.storyboard */ = {
			isa = PBXVariantGroup;
			children = (
				50B756B027B826ED00C5680B /* Base */,
			);
			name = LaunchScreen.storyboard;
			sourceTree = "<group>";
		};
/* End PBXVariantGroup section */

/* Begin XCBuildConfiguration section */
		50B756C827B826ED00C5680B /* Debug */ = {
			isa = XCBuildConfiguration;
			buildSettings = {
				ALWAYS_SEARCH_USER_PATHS = NO;
				CLANG_ANALYZER_NONNULL = YES;
				CLANG_ANALYZER_NUMBER_OBJECT_CONVERSION = YES_AGGRESSIVE;
				CLANG_CXX_LANGUAGE_STANDARD = "gnu++17";
				CLANG_CXX_LIBRARY = "libc++";
				CLANG_ENABLE_MODULES = YES;
				CLANG_ENABLE_OBJC_ARC = YES;
				CLANG_ENABLE_OBJC_WEAK = YES;
				CLANG_WARN_BLOCK_CAPTURE_AUTORELEASING = YES;
				CLANG_WARN_BOOL_CONVERSION = YES;
				CLANG_WARN_COMMA = YES;
				CLANG_WARN_CONSTANT_CONVERSION = YES;
				CLANG_WARN_DEPRECATED_OBJC_IMPLEMENTATIONS = YES;
				CLANG_WARN_DIRECT_OBJC_ISA_USAGE = YES_ERROR;
				CLANG_WARN_DOCUMENTATION_COMMENTS = YES;
				CLANG_WARN_EMPTY_BODY = YES;
				CLANG_WARN_ENUM_CONVERSION = YES;
				CLANG_WARN_INFINITE_RECURSION = YES;
				CLANG_WARN_INT_CONVERSION = YES;
				CLANG_WARN_NON_LITERAL_NULL_CONVERSION = YES;
				CLANG_WARN_OBJC_IMPLICIT_RETAIN_SELF = YES;
				CLANG_WARN_OBJC_LITERAL_CONVERSION = YES;
				CLANG_WARN_OBJC_ROOT_CLASS = YES_ERROR;
				CLANG_WARN_QUOTED_INCLUDE_IN_FRAMEWORK_HEADER = YES;
				CLANG_WARN_RANGE_LOOP_ANALYSIS = YES;
				CLANG_WARN_STRICT_PROTOTYPES = YES;
				CLANG_WARN_SUSPICIOUS_MOVE = YES;
				CLANG_WARN_UNGUARDED_AVAILABILITY = YES_AGGRESSIVE;
				CLANG_WARN_UNREACHABLE_CODE = YES;
				CLANG_WARN__DUPLICATE_METHOD_MATCH = YES;
				COPY_PHASE_STRIP = NO;
				DEBUG_INFORMATION_FORMAT = dwarf;
				ENABLE_STRICT_OBJC_MSGSEND = YES;
				ENABLE_TESTABILITY = YES;
				GCC_C_LANGUAGE_STANDARD = gnu11;
				GCC_DYNAMIC_NO_PIC = NO;
				GCC_NO_COMMON_BLOCKS = YES;
				GCC_OPTIMIZATION_LEVEL = 0;
				GCC_PREPROCESSOR_DEFINITIONS = (
					"DEBUG=1",
					"$(inherited)",
				);
				GCC_WARN_64_TO_32_BIT_CONVERSION = YES;
				GCC_WARN_ABOUT_RETURN_TYPE = YES_ERROR;
				GCC_WARN_UNDECLARED_SELECTOR = YES;
				GCC_WARN_UNINITIALIZED_AUTOS = YES_AGGRESSIVE;
				GCC_WARN_UNUSED_FUNCTION = YES;
				GCC_WARN_UNUSED_VARIABLE = YES;
				IPHONEOS_DEPLOYMENT_TARGET = 15.2;
				MTL_ENABLE_DEBUG_INFO = INCLUDE_SOURCE;
				MTL_FAST_MATH = YES;
				ONLY_ACTIVE_ARCH = YES;
				SDKROOT = iphoneos;
				SWIFT_ACTIVE_COMPILATION_CONDITIONS = DEBUG;
				SWIFT_OPTIMIZATION_LEVEL = "-Onone";
			};
			name = Debug;
		};
		50B756C927B826ED00C5680B /* Release */ = {
			isa = XCBuildConfiguration;
			buildSettings = {
				ALWAYS_SEARCH_USER_PATHS = NO;
				CLANG_ANALYZER_NONNULL = YES;
				CLANG_ANALYZER_NUMBER_OBJECT_CONVERSION = YES_AGGRESSIVE;
				CLANG_CXX_LANGUAGE_STANDARD = "gnu++17";
				CLANG_CXX_LIBRARY = "libc++";
				CLANG_ENABLE_MODULES = YES;
				CLANG_ENABLE_OBJC_ARC = YES;
				CLANG_ENABLE_OBJC_WEAK = YES;
				CLANG_WARN_BLOCK_CAPTURE_AUTORELEASING = YES;
				CLANG_WARN_BOOL_CONVERSION = YES;
				CLANG_WARN_COMMA = YES;
				CLANG_WARN_CONSTANT_CONVERSION = YES;
				CLANG_WARN_DEPRECATED_OBJC_IMPLEMENTATIONS = YES;
				CLANG_WARN_DIRECT_OBJC_ISA_USAGE = YES_ERROR;
				CLANG_WARN_DOCUMENTATION_COMMENTS = YES;
				CLANG_WARN_EMPTY_BODY = YES;
				CLANG_WARN_ENUM_CONVERSION = YES;
				CLANG_WARN_INFINITE_RECURSION = YES;
				CLANG_WARN_INT_CONVERSION = YES;
				CLANG_WARN_NON_LITERAL_NULL_CONVERSION = YES;
				CLANG_WARN_OBJC_IMPLICIT_RETAIN_SELF = YES;
				CLANG_WARN_OBJC_LITERAL_CONVERSION = YES;
				CLANG_WARN_OBJC_ROOT_CLASS = YES_ERROR;
				CLANG_WARN_QUOTED_INCLUDE_IN_FRAMEWORK_HEADER = YES;
				CLANG_WARN_RANGE_LOOP_ANALYSIS = YES;
				CLANG_WARN_STRICT_PROTOTYPES = YES;
				CLANG_WARN_SUSPICIOUS_MOVE = YES;
				CLANG_WARN_UNGUARDED_AVAILABILITY = YES_AGGRESSIVE;
				CLANG_WARN_UNREACHABLE_CODE = YES;
				CLANG_WARN__DUPLICATE_METHOD_MATCH = YES;
				COPY_PHASE_STRIP = NO;
				DEBUG_INFORMATION_FORMAT = "dwarf-with-dsym";
				ENABLE_NS_ASSERTIONS = NO;
				ENABLE_STRICT_OBJC_MSGSEND = YES;
				GCC_C_LANGUAGE_STANDARD = gnu11;
				GCC_NO_COMMON_BLOCKS = YES;
				GCC_WARN_64_TO_32_BIT_CONVERSION = YES;
				GCC_WARN_ABOUT_RETURN_TYPE = YES_ERROR;
				GCC_WARN_UNDECLARED_SELECTOR = YES;
				GCC_WARN_UNINITIALIZED_AUTOS = YES_AGGRESSIVE;
				GCC_WARN_UNUSED_FUNCTION = YES;
				GCC_WARN_UNUSED_VARIABLE = YES;
				IPHONEOS_DEPLOYMENT_TARGET = 15.2;
				MTL_ENABLE_DEBUG_INFO = NO;
				MTL_FAST_MATH = YES;
				SDKROOT = iphoneos;
				SWIFT_COMPILATION_MODE = wholemodule;
				SWIFT_OPTIMIZATION_LEVEL = "-O";
				VALIDATE_PRODUCT = YES;
			};
			name = Release;
		};
		50B756CB27B826ED00C5680B /* Debug */ = {
			isa = XCBuildConfiguration;
			buildSettings = {
				ASSETCATALOG_COMPILER_APPICON_NAME = AppIcon;
				ASSETCATALOG_COMPILER_GLOBAL_ACCENT_COLOR_NAME = AccentColor;
				CODE_SIGN_STYLE = Automatic;
				CURRENT_PROJECT_VERSION = 1;
				DEVELOPMENT_TEAM = Z795YV2KZA;
				GENERATE_INFOPLIST_FILE = YES;
				INFOPLIST_KEY_UIApplicationSupportsIndirectInputEvents = YES;
				INFOPLIST_KEY_UILaunchStoryboardName = LaunchScreen;
				INFOPLIST_KEY_UIMainStoryboardFile = Main;
				INFOPLIST_KEY_UIStatusBarHidden = YES;
				INFOPLIST_KEY_UISupportedInterfaceOrientations_iPad = "UIInterfaceOrientationPortrait UIInterfaceOrientationPortraitUpsideDown UIInterfaceOrientationLandscapeLeft UIInterfaceOrientationLandscapeRight";
				INFOPLIST_KEY_UISupportedInterfaceOrientations_iPhone = "UIInterfaceOrientationPortrait UIInterfaceOrientationLandscapeLeft UIInterfaceOrientationLandscapeRight";
				LD_RUNPATH_SEARCH_PATHS = (
					"$(inherited)",
					"@executable_path/Frameworks",
				);
				MARKETING_VERSION = 1.0;
				PRODUCT_BUNDLE_IDENTIFIER = com.javiergsanchez.WorldScanner;
				PRODUCT_NAME = "$(TARGET_NAME)";
				SWIFT_EMIT_LOC_STRINGS = YES;
				SWIFT_VERSION = 5.0;
				TARGETED_DEVICE_FAMILY = "1,2";
			};
			name = Debug;
		};
		50B756CC27B826ED00C5680B /* Release */ = {
			isa = XCBuildConfiguration;
			buildSettings = {
				ASSETCATALOG_COMPILER_APPICON_NAME = AppIcon;
				ASSETCATALOG_COMPILER_GLOBAL_ACCENT_COLOR_NAME = AccentColor;
				CODE_SIGN_STYLE = Automatic;
				CURRENT_PROJECT_VERSION = 1;
				DEVELOPMENT_TEAM = Z795YV2KZA;
				GENERATE_INFOPLIST_FILE = YES;
				INFOPLIST_KEY_UIApplicationSupportsIndirectInputEvents = YES;
				INFOPLIST_KEY_UILaunchStoryboardName = LaunchScreen;
				INFOPLIST_KEY_UIMainStoryboardFile = Main;
				INFOPLIST_KEY_UIStatusBarHidden = YES;
				INFOPLIST_KEY_UISupportedInterfaceOrientations_iPad = "UIInterfaceOrientationPortrait UIInterfaceOrientationPortraitUpsideDown UIInterfaceOrientationLandscapeLeft UIInterfaceOrientationLandscapeRight";
				INFOPLIST_KEY_UISupportedInterfaceOrientations_iPhone = "UIInterfaceOrientationPortrait UIInterfaceOrientationLandscapeLeft UIInterfaceOrientationLandscapeRight";
				LD_RUNPATH_SEARCH_PATHS = (
					"$(inherited)",
					"@executable_path/Frameworks",
				);
				MARKETING_VERSION = 1.0;
				PRODUCT_BUNDLE_IDENTIFIER = com.javiergsanchez.WorldScanner;
				PRODUCT_NAME = "$(TARGET_NAME)";
				SWIFT_EMIT_LOC_STRINGS = YES;
				SWIFT_VERSION = 5.0;
				TARGETED_DEVICE_FAMILY = "1,2";
			};
			name = Release;
		};
		50B756CE27B826ED00C5680B /* Debug */ = {
			isa = XCBuildConfiguration;
			buildSettings = {
				ALWAYS_EMBED_SWIFT_STANDARD_LIBRARIES = YES;
				BUNDLE_LOADER = "$(TEST_HOST)";
				CODE_SIGN_STYLE = Automatic;
				CURRENT_PROJECT_VERSION = 1;
				DEVELOPMENT_TEAM = Z795YV2KZA;
				GENERATE_INFOPLIST_FILE = YES;
				IPHONEOS_DEPLOYMENT_TARGET = 15.2;
				MARKETING_VERSION = 1.0;
				PRODUCT_BUNDLE_IDENTIFIER = com.javiergsanchez.WorldScannerTests;
				PRODUCT_NAME = "$(TARGET_NAME)";
				SWIFT_EMIT_LOC_STRINGS = NO;
				SWIFT_VERSION = 5.0;
				TARGETED_DEVICE_FAMILY = "1,2";
				TEST_HOST = "$(BUILT_PRODUCTS_DIR)/WorldScanner.app/WorldScanner";
			};
			name = Debug;
		};
		50B756CF27B826ED00C5680B /* Release */ = {
			isa = XCBuildConfiguration;
			buildSettings = {
				ALWAYS_EMBED_SWIFT_STANDARD_LIBRARIES = YES;
				BUNDLE_LOADER = "$(TEST_HOST)";
				CODE_SIGN_STYLE = Automatic;
				CURRENT_PROJECT_VERSION = 1;
				DEVELOPMENT_TEAM = Z795YV2KZA;
				GENERATE_INFOPLIST_FILE = YES;
				IPHONEOS_DEPLOYMENT_TARGET = 15.2;
				MARKETING_VERSION = 1.0;
				PRODUCT_BUNDLE_IDENTIFIER = com.javiergsanchez.WorldScannerTests;
				PRODUCT_NAME = "$(TARGET_NAME)";
				SWIFT_EMIT_LOC_STRINGS = NO;
				SWIFT_VERSION = 5.0;
				TARGETED_DEVICE_FAMILY = "1,2";
				TEST_HOST = "$(BUILT_PRODUCTS_DIR)/WorldScanner.app/WorldScanner";
			};
			name = Release;
		};
		50B756D127B826ED00C5680B /* Debug */ = {
			isa = XCBuildConfiguration;
			buildSettings = {
				ALWAYS_EMBED_SWIFT_STANDARD_LIBRARIES = YES;
				CODE_SIGN_STYLE = Automatic;
				CURRENT_PROJECT_VERSION = 1;
				DEVELOPMENT_TEAM = Z795YV2KZA;
				GENERATE_INFOPLIST_FILE = YES;
				MARKETING_VERSION = 1.0;
				PRODUCT_BUNDLE_IDENTIFIER = com.javiergsanchez.WorldScannerUITests;
				PRODUCT_NAME = "$(TARGET_NAME)";
				SWIFT_EMIT_LOC_STRINGS = NO;
				SWIFT_VERSION = 5.0;
				TARGETED_DEVICE_FAMILY = "1,2";
				TEST_TARGET_NAME = WorldScanner;
			};
			name = Debug;
		};
		50B756D227B826ED00C5680B /* Release */ = {
			isa = XCBuildConfiguration;
			buildSettings = {
				ALWAYS_EMBED_SWIFT_STANDARD_LIBRARIES = YES;
				CODE_SIGN_STYLE = Automatic;
				CURRENT_PROJECT_VERSION = 1;
				DEVELOPMENT_TEAM = Z795YV2KZA;
				GENERATE_INFOPLIST_FILE = YES;
				MARKETING_VERSION = 1.0;
				PRODUCT_BUNDLE_IDENTIFIER = com.javiergsanchez.WorldScannerUITests;
				PRODUCT_NAME = "$(TARGET_NAME)";
				SWIFT_EMIT_LOC_STRINGS = NO;
				SWIFT_VERSION = 5.0;
				TARGETED_DEVICE_FAMILY = "1,2";
				TEST_TARGET_NAME = WorldScanner;
			};
			name = Release;
		};
/* End XCBuildConfiguration section */

/* Begin XCConfigurationList section */
		50B7569C27B826E800C5680B /* Build configuration list for PBXProject "WorldScanner" */ = {
			isa = XCConfigurationList;
			buildConfigurations = (
				50B756C827B826ED00C5680B /* Debug */,
				50B756C927B826ED00C5680B /* Release */,
			);
			defaultConfigurationIsVisible = 0;
			defaultConfigurationName = Release;
		};
		50B756CA27B826ED00C5680B /* Build configuration list for PBXNativeTarget "WorldScanner" */ = {
			isa = XCConfigurationList;
			buildConfigurations = (
				50B756CB27B826ED00C5680B /* Debug */,
				50B756CC27B826ED00C5680B /* Release */,
			);
			defaultConfigurationIsVisible = 0;
			defaultConfigurationName = Release;
		};
		50B756CD27B826ED00C5680B /* Build configuration list for PBXNativeTarget "WorldScannerTests" */ = {
			isa = XCConfigurationList;
			buildConfigurations = (
				50B756CE27B826ED00C5680B /* Debug */,
				50B756CF27B826ED00C5680B /* Release */,
			);
			defaultConfigurationIsVisible = 0;
			defaultConfigurationName = Release;
		};
		50B756D027B826ED00C5680B /* Build configuration list for PBXNativeTarget "WorldScannerUITests" */ = {
			isa = XCConfigurationList;
			buildConfigurations = (
				50B756D127B826ED00C5680B /* Debug */,
				50B756D227B826ED00C5680B /* Release */,
			);
			defaultConfigurationIsVisible = 0;
			defaultConfigurationName = Release;
		};
/* End XCConfigurationList section */

/* Begin XCVersionGroup section */
		50B756DC27B9F70E00C5680B /* Entities.xcdatamodeld */ = {
			isa = XCVersionGroup;
			children = (
				50B756DD27B9F70E00C5680B /* CodeData.xcdatamodel */,
			);
			currentVersion = 50B756DD27B9F70E00C5680B /* CodeData.xcdatamodel */;
			path = Entities.xcdatamodeld;
			sourceTree = "<group>";
			versionGroupType = wrapper.xcdatamodel;
		};
/* End XCVersionGroup section */
	};
	rootObject = 50B7569927B826E800C5680B /* Project object */;
}
